
Microsoft Visual Studio Solution File, Format Version 12.00
# Visual Studio Version 16
VisualStudioVersion = 16.0.30503.244
MinimumVisualStudioVersion = 10.0.40219.1
Project("{FAE04EC0-301F-11D3-BF4B-00C04F79EFBC}") = "serverSideScripting-Assignment1B", "serverSideScripting-Assignment1B.csproj", "{19C3DA34-C0AC-4D97-BA4D-DDF8058FE555}"
EndProject
Global
	GlobalSection(SolutionConfigurationPlatforms) = preSolution
		Debug|Any CPU = Debug|Any CPU
		Release|Any CPU = Release|Any CPU
	EndGlobalSection
	GlobalSection(ProjectConfigurationPlatforms) = postSolution
		{19C3DA34-C0AC-4D97-BA4D-DDF8058FE555}.Debug|Any CPU.ActiveCfg = Debug|Any CPU
		{19C3DA34-C0AC-4D97-BA4D-DDF8058FE555}.Debug|Any CPU.Build.0 = Debug|Any CPU
		{19C3DA34-C0AC-4D97-BA4D-DDF8058FE555}.Release|Any CPU.ActiveCfg = Release|Any CPU
		{19C3DA34-C0AC-4D97-BA4D-DDF8058FE555}.Release|Any CPU.Build.0 = Release|Any CPU
	EndGlobalSection
	GlobalSection(SolutionProperties) = preSolution
		HideSolutionNode = FALSE
	EndGlobalSection
	GlobalSection(ExtensibilityGlobals) = postSolution
		SolutionGuid = {05F5AAB5-2295-4BBC-B015-952BC195D1FA}
	EndGlobalSection
EndGlobal
